
Microsoft Visual Studio Solution File, Format Version 12.00
# Visual Studio Version 18
VisualStudioVersion = 18.0.11222.15
MinimumVisualStudioVersion = 10.0.40219.1
Project("{FAE04EC0-301F-11D3-BF4B-00C04F79EFBC}") = "Blazor98Demo", "Blazor98Demo.csproj", "{5B66F369-C1A2-4F48-A4D8-45CC7F3E00E6}"
EndProject
Project("{FAE04EC0-301F-11D3-BF4B-00C04F79EFBC}") = "Blazor98", "..\Blazor98\Blazor98.csproj", "{480AEEC3-41D2-9410-B593-176908BA3391}"
EndProject
Global
	GlobalSection(SolutionConfigurationPlatforms) = preSolution
		Debug|Any CPU = Debug|Any CPU
		Release|Any CPU = Release|Any CPU
	EndGlobalSection
	GlobalSection(ProjectConfigurationPlatforms) = postSolution
		{5B66F369-C1A2-4F48-A4D8-45CC7F3E00E6}.Debug|Any CPU.ActiveCfg = Debug|Any CPU
		{5B66F369-C1A2-4F48-A4D8-45CC7F3E00E6}.Debug|Any CPU.Build.0 = Debug|Any CPU
		{5B66F369-C1A2-4F48-A4D8-45CC7F3E00E6}.Release|Any CPU.ActiveCfg = Release|Any CPU
		{5B66F369-C1A2-4F48-A4D8-45CC7F3E00E6}.Release|Any CPU.Build.0 = Release|Any CPU
		{480AEEC3-41D2-9410-B593-176908BA3391}.Debug|Any CPU.ActiveCfg = Debug|Any CPU
		{480AEEC3-41D2-9410-B593-176908BA3391}.Debug|Any CPU.Build.0 = Debug|Any CPU
		{480AEEC3-41D2-9410-B593-176908BA3391}.Release|Any CPU.ActiveCfg = Release|Any CPU
		{480AEEC3-41D2-9410-B593-176908BA3391}.Release|Any CPU.Build.0 = Release|Any CPU
	EndGlobalSection
	GlobalSection(SolutionProperties) = preSolution
		HideSolutionNode = FALSE
	EndGlobalSection
	GlobalSection(ExtensibilityGlobals) = postSolution
		SolutionGuid = {30A2CB1E-A5A5-41B5-B3BC-DEA45CAF1293}
	EndGlobalSection
EndGlobal
